
Microsoft Visual Studio Solution File, Format Version 12.00
# Visual Studio 15
Project("{FAE04EC0-301F-11D3-BF4B-00C04F79EFBC}") = "RoadsOfTheRim", "RoadsOfTheRim\RoadsOfTheRim.csproj", "{6EB5555F-F9BD-4955-A180-82BE2ECB5ED7}"
EndProject
Global
	GlobalSection(SolutionConfigurationPlatforms) = preSolution
		Debug|Any CPU = Debug|Any CPU
		Release|Any CPU = Release|Any CPU
	EndGlobalSection
	GlobalSection(ProjectConfigurationPlatforms) = postSolution
		{6EB5555F-F9BD-4955-A180-82BE2ECB5ED7}.Debug|Any CPU.ActiveCfg = Debug|Any CPU
		{6EB5555F-F9BD-4955-A180-82BE2ECB5ED7}.Debug|Any CPU.Build.0 = Debug|Any CPU
		{6EB5555F-F9BD-4955-A180-82BE2ECB5ED7}.Release|Any CPU.ActiveCfg = Release|Any CPU
		{6EB5555F-F9BD-4955-A180-82BE2ECB5ED7}.Release|Any CPU.Build.0 = Release|Any CPU
	EndGlobalSection
EndGlobal
